
Microsoft Visual Studio Solution File, Format Version 12.00
# Visual Studio Version 17
VisualStudioVersion = 17.0.31919.166
MinimumVisualStudioVersion = 10.0.40219.1
Project("{FAE04EC0-301F-11D3-BF4B-00C04F79EFBC}") = "Prosjek", "Prosjek.csproj", "{328F8824-63FD-4736-961D-096501DB6204}"
EndProject
Global
	GlobalSection(SolutionConfigurationPlatforms) = preSolution
		Debug|Any CPU = Debug|Any CPU
		Release|Any CPU = Release|Any CPU
	EndGlobalSection
	GlobalSection(ProjectConfigurationPlatforms) = postSolution
		{328F8824-63FD-4736-961D-096501DB6204}.Debug|Any CPU.ActiveCfg = Debug|Any CPU
		{328F8824-63FD-4736-961D-096501DB6204}.Debug|Any CPU.Build.0 = Debug|Any CPU
		{328F8824-63FD-4736-961D-096501DB6204}.Release|Any CPU.ActiveCfg = Release|Any CPU
		{328F8824-63FD-4736-961D-096501DB6204}.Release|Any CPU.Build.0 = Release|Any CPU
	EndGlobalSection
	GlobalSection(SolutionProperties) = preSolution
		HideSolutionNode = FALSE
	EndGlobalSection
	GlobalSection(ExtensibilityGlobals) = postSolution
		SolutionGuid = {D3158580-F3F2-4132-96AD-8C95C876CE49}
	EndGlobalSection
EndGlobal
